
Microsoft Visual Studio Solution File, Format Version 12.00
# Visual Studio 15
VisualStudioVersion = 15.0.26124.0
MinimumVisualStudioVersion = 15.0.26124.0
Project("{2150E333-8FDC-42A3-9474-1A3956D46DE8}") = "Code", "Code", "{4FD02BA4-ABDF-4842-B6CA-A4B7ED535C61}"
EndProject
Project("{FAE04EC0-301F-11D3-BF4B-00C04F79EFBC}") = "dotnetnew.Api", "Code\dotnetnew.Api\dotnetnew.Api.csproj", "{A47C586D-8BD0-4D34-85C0-E7D288EDE470}"
EndProject
Project("{FAE04EC0-301F-11D3-BF4B-00C04F79EFBC}") = "dotnetnew.Business", "Code\dotnetnew.Business\dotnetnew.Business.csproj", "{9EE4D3AA-05B7-41DF-A918-09EE8F79C553}"
EndProject
Project("{FAE04EC0-301F-11D3-BF4B-00C04F79EFBC}") = "dotnetnew.Data", "Code\dotnetnew.Data\dotnetnew.Data.csproj", "{31391F5B-32BB-4380-8120-02709E72681A}"
EndProject
Project("{FAE04EC0-301F-11D3-BF4B-00C04F79EFBC}") = "dotnetnew.Entities", "Code\dotnetnew.Entities\dotnetnew.Entities.csproj", "{6D0869B5-790E-4E16-95A9-5803935CBA7B}"
EndProject
Project("{FAE04EC0-301F-11D3-BF4B-00C04F79EFBC}") = "dotnetnew.Test.Api", "Code\dotnetnew.Test.Api\dotnetnew.Test.Api.csproj", "{0809BB43-59AE-435A-A630-6CA806C92E94}"
EndProject
Project("{FAE04EC0-301F-11D3-BF4B-00C04F79EFBC}") = "dotnetnew.Test.Business", "Code\dotnetnew.Test.Business\dotnetnew.Test.Business.csproj", "{F4EBCB46-7F31-46CC-AE55-8020CACC556C}"
EndProject
Project("{FAE04EC0-301F-11D3-BF4B-00C04F79EFBC}") = "dotnetnew.Test.Framework", "Code\dotnetnew.Test.Framework\dotnetnew.Test.Framework.csproj", "{F9C94EEA-2D0F-458C-AF71-111C28ADE799}"
EndProject
Project("{2150E333-8FDC-42A3-9474-1A3956D46DE8}") = "Test", "Test", "{516B6426-124B-4169-998D-107AF2B4343F}"
EndProject
Global
	GlobalSection(SolutionConfigurationPlatforms) = preSolution
		Debug|Any CPU = Debug|Any CPU
		Debug|x64 = Debug|x64
		Debug|x86 = Debug|x86
		Release|Any CPU = Release|Any CPU
		Release|x64 = Release|x64
		Release|x86 = Release|x86
	EndGlobalSection
	GlobalSection(SolutionProperties) = preSolution
		HideSolutionNode = FALSE
	EndGlobalSection
	GlobalSection(ProjectConfigurationPlatforms) = postSolution
		{A47C586D-8BD0-4D34-85C0-E7D288EDE470}.Debug|Any CPU.ActiveCfg = Debug|Any CPU
		{A47C586D-8BD0-4D34-85C0-E7D288EDE470}.Debug|Any CPU.Build.0 = Debug|Any CPU
		{A47C586D-8BD0-4D34-85C0-E7D288EDE470}.Debug|x64.ActiveCfg = Debug|Any CPU
		{A47C586D-8BD0-4D34-85C0-E7D288EDE470}.Debug|x64.Build.0 = Debug|Any CPU
		{A47C586D-8BD0-4D34-85C0-E7D288EDE470}.Debug|x86.ActiveCfg = Debug|Any CPU
		{A47C586D-8BD0-4D34-85C0-E7D288EDE470}.Debug|x86.Build.0 = Debug|Any CPU
		{A47C586D-8BD0-4D34-85C0-E7D288EDE470}.Release|Any CPU.ActiveCfg = Release|Any CPU
		{A47C586D-8BD0-4D34-85C0-E7D288EDE470}.Release|Any CPU.Build.0 = Release|Any CPU
		{A47C586D-8BD0-4D34-85C0-E7D288EDE470}.Release|x64.ActiveCfg = Release|Any CPU
		{A47C586D-8BD0-4D34-85C0-E7D288EDE470}.Release|x64.Build.0 = Release|Any CPU
		{A47C586D-8BD0-4D34-85C0-E7D288EDE470}.Release|x86.ActiveCfg = Release|Any CPU
		{A47C586D-8BD0-4D34-85C0-E7D288EDE470}.Release|x86.Build.0 = Release|Any CPU
		{9EE4D3AA-05B7-41DF-A918-09EE8F79C553}.Debug|Any CPU.ActiveCfg = Debug|Any CPU
		{9EE4D3AA-05B7-41DF-A918-09EE8F79C553}.Debug|Any CPU.Build.0 = Debug|Any CPU
		{9EE4D3AA-05B7-41DF-A918-09EE8F79C553}.Debug|x64.ActiveCfg = Debug|Any CPU
		{9EE4D3AA-05B7-41DF-A918-09EE8F79C553}.Debug|x64.Build.0 = Debug|Any CPU
		{9EE4D3AA-05B7-41DF-A918-09EE8F79C553}.Debug|x86.ActiveCfg = Debug|Any CPU
		{9EE4D3AA-05B7-41DF-A918-09EE8F79C553}.Debug|x86.Build.0 = Debug|Any CPU
		{9EE4D3AA-05B7-41DF-A918-09EE8F79C553}.Release|Any CPU.ActiveCfg = Release|Any CPU
		{9EE4D3AA-05B7-41DF-A918-09EE8F79C553}.Release|Any CPU.Build.0 = Release|Any CPU
		{9EE4D3AA-05B7-41DF-A918-09EE8F79C553}.Release|x64.ActiveCfg = Release|Any CPU
		{9EE4D3AA-05B7-41DF-A918-09EE8F79C553}.Release|x64.Build.0 = Release|Any CPU
		{9EE4D3AA-05B7-41DF-A918-09EE8F79C553}.Release|x86.ActiveCfg = Release|Any CPU
		{9EE4D3AA-05B7-41DF-A918-09EE8F79C553}.Release|x86.Build.0 = Release|Any CPU
		{31391F5B-32BB-4380-8120-02709E72681A}.Debug|Any CPU.ActiveCfg = Debug|Any CPU
		{31391F5B-32BB-4380-8120-02709E72681A}.Debug|Any CPU.Build.0 = Debug|Any CPU
		{31391F5B-32BB-4380-8120-02709E72681A}.Debug|x64.ActiveCfg = Debug|Any CPU
		{31391F5B-32BB-4380-8120-02709E72681A}.Debug|x64.Build.0 = Debug|Any CPU
		{31391F5B-32BB-4380-8120-02709E72681A}.Debug|x86.ActiveCfg = Debug|Any CPU
		{31391F5B-32BB-4380-8120-02709E72681A}.Debug|x86.Build.0 = Debug|Any CPU
		{31391F5B-32BB-4380-8120-02709E72681A}.Release|Any CPU.ActiveCfg = Release|Any CPU
		{31391F5B-32BB-4380-8120-02709E72681A}.Release|Any CPU.Build.0 = Release|Any CPU
		{31391F5B-32BB-4380-8120-02709E72681A}.Release|x64.ActiveCfg = Release|Any CPU
		{31391F5B-32BB-4380-8120-02709E72681A}.Release|x64.Build.0 = Release|Any CPU
		{31391F5B-32BB-4380-8120-02709E72681A}.Release|x86.ActiveCfg = Release|Any CPU
		{31391F5B-32BB-4380-8120-02709E72681A}.Release|x86.Build.0 = Release|Any CPU
		{6D0869B5-790E-4E16-95A9-5803935CBA7B}.Debug|Any CPU.ActiveCfg = Debug|Any CPU
		{6D0869B5-790E-4E16-95A9-5803935CBA7B}.Debug|Any CPU.Build.0 = Debug|Any CPU
		{6D0869B5-790E-4E16-95A9-5803935CBA7B}.Debug|x64.ActiveCfg = Debug|Any CPU
		{6D0869B5-790E-4E16-95A9-5803935CBA7B}.Debug|x64.Build.0 = Debug|Any CPU
		{6D0869B5-790E-4E16-95A9-5803935CBA7B}.Debug|x86.ActiveCfg = Debug|Any CPU
		{6D0869B5-790E-4E16-95A9-5803935CBA7B}.Debug|x86.Build.0 = Debug|Any CPU
		{6D0869B5-790E-4E16-95A9-5803935CBA7B}.Release|Any CPU.ActiveCfg = Release|Any CPU
		{6D0869B5-790E-4E16-95A9-5803935CBA7B}.Release|Any CPU.Build.0 = Release|Any CPU
		{6D0869B5-790E-4E16-95A9-5803935CBA7B}.Release|x64.ActiveCfg = Release|Any CPU
		{6D0869B5-790E-4E16-95A9-5803935CBA7B}.Release|x64.Build.0 = Release|Any CPU
		{6D0869B5-790E-4E16-95A9-5803935CBA7B}.Release|x86.ActiveCfg = Release|Any CPU
		{6D0869B5-790E-4E16-95A9-5803935CBA7B}.Release|x86.Build.0 = Release|Any CPU
		{0809BB43-59AE-435A-A630-6CA806C92E94}.Debug|Any CPU.ActiveCfg = Debug|Any CPU
		{0809BB43-59AE-435A-A630-6CA806C92E94}.Debug|Any CPU.Build.0 = Debug|Any CPU
		{0809BB43-59AE-435A-A630-6CA806C92E94}.Debug|x64.ActiveCfg = Debug|Any CPU
		{0809BB43-59AE-435A-A630-6CA806C92E94}.Debug|x64.Build.0 = Debug|Any CPU
		{0809BB43-59AE-435A-A630-6CA806C92E94}.Debug|x86.ActiveCfg = Debug|Any CPU
		{0809BB43-59AE-435A-A630-6CA806C92E94}.Debug|x86.Build.0 = Debug|Any CPU
		{0809BB43-59AE-435A-A630-6CA806C92E94}.Release|Any CPU.ActiveCfg = Release|Any CPU
		{0809BB43-59AE-435A-A630-6CA806C92E94}.Release|Any CPU.Build.0 = Release|Any CPU
		{0809BB43-59AE-435A-A630-6CA806C92E94}.Release|x64.ActiveCfg = Release|Any CPU
		{0809BB43-59AE-435A-A630-6CA806C92E94}.Release|x64.Build.0 = Release|Any CPU
		{0809BB43-59AE-435A-A630-6CA806C92E94}.Release|x86.ActiveCfg = Release|Any CPU
		{0809BB43-59AE-435A-A630-6CA806C92E94}.Release|x86.Build.0 = Release|Any CPU
		{F4EBCB46-7F31-46CC-AE55-8020CACC556C}.Debug|Any CPU.ActiveCfg = Debug|Any CPU
		{F4EBCB46-7F31-46CC-AE55-8020CACC556C}.Debug|Any CPU.Build.0 = Debug|Any CPU
		{F4EBCB46-7F31-46CC-AE55-8020CACC556C}.Debug|x64.ActiveCfg = Debug|Any CPU
		{F4EBCB46-7F31-46CC-AE55-8020CACC556C}.Debug|x64.Build.0 = Debug|Any CPU
		{F4EBCB46-7F31-46CC-AE55-8020CACC556C}.Debug|x86.ActiveCfg = Debug|Any CPU
		{F4EBCB46-7F31-46CC-AE55-8020CACC556C}.Debug|x86.Build.0 = Debug|Any CPU
		{F4EBCB46-7F31-46CC-AE55-8020CACC556C}.Release|Any CPU.ActiveCfg = Release|Any CPU
		{F4EBCB46-7F31-46CC-AE55-8020CACC556C}.Release|Any CPU.Build.0 = Release|Any CPU
		{F4EBCB46-7F31-46CC-AE55-8020CACC556C}.Release|x64.ActiveCfg = Release|Any CPU
		{F4EBCB46-7F31-46CC-AE55-8020CACC556C}.Release|x64.Build.0 = Release|Any CPU
		{F4EBCB46-7F31-46CC-AE55-8020CACC556C}.Release|x86.ActiveCfg = Release|Any CPU
		{F4EBCB46-7F31-46CC-AE55-8020CACC556C}.Release|x86.Build.0 = Release|Any CPU
		{F9C94EEA-2D0F-458C-AF71-111C28ADE799}.Debug|Any CPU.ActiveCfg = Debug|Any CPU
		{F9C94EEA-2D0F-458C-AF71-111C28ADE799}.Debug|Any CPU.Build.0 = Debug|Any CPU
		{F9C94EEA-2D0F-458C-AF71-111C28ADE799}.Debug|x64.ActiveCfg = Debug|Any CPU
		{F9C94EEA-2D0F-458C-AF71-111C28ADE799}.Debug|x64.Build.0 = Debug|Any CPU
		{F9C94EEA-2D0F-458C-AF71-111C28ADE799}.Debug|x86.ActiveCfg = Debug|Any CPU
		{F9C94EEA-2D0F-458C-AF71-111C28ADE799}.Debug|x86.Build.0 = Debug|Any CPU
		{F9C94EEA-2D0F-458C-AF71-111C28ADE799}.Release|Any CPU.ActiveCfg = Release|Any CPU
		{F9C94EEA-2D0F-458C-AF71-111C28ADE799}.Release|Any CPU.Build.0 = Release|Any CPU
		{F9C94EEA-2D0F-458C-AF71-111C28ADE799}.Release|x64.ActiveCfg = Release|Any CPU
		{F9C94EEA-2D0F-458C-AF71-111C28ADE799}.Release|x64.Build.0 = Release|Any CPU
		{F9C94EEA-2D0F-458C-AF71-111C28ADE799}.Release|x86.ActiveCfg = Release|Any CPU
		{F9C94EEA-2D0F-458C-AF71-111C28ADE799}.Release|x86.Build.0 = Release|Any CPU
	EndGlobalSection
	GlobalSection(NestedProjects) = preSolution
		{A47C586D-8BD0-4D34-85C0-E7D288EDE470} = {4FD02BA4-ABDF-4842-B6CA-A4B7ED535C61}
		{9EE4D3AA-05B7-41DF-A918-09EE8F79C553} = {4FD02BA4-ABDF-4842-B6CA-A4B7ED535C61}
		{31391F5B-32BB-4380-8120-02709E72681A} = {4FD02BA4-ABDF-4842-B6CA-A4B7ED535C61}
		{6D0869B5-790E-4E16-95A9-5803935CBA7B} = {4FD02BA4-ABDF-4842-B6CA-A4B7ED535C61}
		{0809BB43-59AE-435A-A630-6CA806C92E94} = {516B6426-124B-4169-998D-107AF2B4343F}
		{F4EBCB46-7F31-46CC-AE55-8020CACC556C} = {516B6426-124B-4169-998D-107AF2B4343F}
		{F9C94EEA-2D0F-458C-AF71-111C28ADE799} = {516B6426-124B-4169-998D-107AF2B4343F}
	EndGlobalSection
EndGlobal
